
Microsoft Visual Studio Solution File, Format Version 12.00
# Visual Studio Version 17
VisualStudioVersion = 17.7.34018.315
MinimumVisualStudioVersion = 10.0.40219.1
Project("{FAE04EC0-301F-11D3-BF4B-00C04F79EFBC}") = "Könyvtárak", "Könyvtárak.csproj", "{224C5E08-6774-48AD-8872-1CAE0EEFBBFB}"
EndProject
Global
	GlobalSection(SolutionConfigurationPlatforms) = preSolution
		Debug|Any CPU = Debug|Any CPU
		Release|Any CPU = Release|Any CPU
	EndGlobalSection
	GlobalSection(ProjectConfigurationPlatforms) = postSolution
		{224C5E08-6774-48AD-8872-1CAE0EEFBBFB}.Debug|Any CPU.ActiveCfg = Debug|Any CPU
		{224C5E08-6774-48AD-8872-1CAE0EEFBBFB}.Debug|Any CPU.Build.0 = Debug|Any CPU
		{224C5E08-6774-48AD-8872-1CAE0EEFBBFB}.Release|Any CPU.ActiveCfg = Release|Any CPU
		{224C5E08-6774-48AD-8872-1CAE0EEFBBFB}.Release|Any CPU.Build.0 = Release|Any CPU
	EndGlobalSection
	GlobalSection(SolutionProperties) = preSolution
		HideSolutionNode = FALSE
	EndGlobalSection
	GlobalSection(ExtensibilityGlobals) = postSolution
		SolutionGuid = {687C07A5-A280-42C4-B3DC-CBB6032294C8}
	EndGlobalSection
EndGlobal
